<Solution>
  <Folder Name="/src/">
    <Project Path="src/BlockiumLauncher.Backend/BlockiumLauncher.Backend.csproj" />
    <Project Path="src/BlockiumLauncher.Cli/BlockiumLauncher.Cli.csproj" />
    <Project Path="src/BlockiumLauncher.UI.GtkSharp/BlockiumLauncher.UI.GtkSharp.csproj" />
  </Folder>
  <Folder Name="/tests/">
    <Project Path="tests/BlockiumLauncher.Tests/BlockiumLauncher.Tests.csproj" />
  </Folder>
</Solution>
